
Microsoft Visual Studio Solution File, Format Version 12.00
# Visual Studio Version 17
VisualStudioVersion = 17.5.33530.505
MinimumVisualStudioVersion = 10.0.40219.1
Project("{FAE04EC0-301F-11D3-BF4B-00C04F79EFBC}") = "SeleniumTraining", "SeleniumTraining\SeleniumTraining.csproj", "{1D912BD0-C26A-4540-957E-907E9970A008}"
EndProject
Global
	GlobalSection(SolutionConfigurationPlatforms) = preSolution
		Debug|Any CPU = Debug|Any CPU
		Release|Any CPU = Release|Any CPU
	EndGlobalSection
	GlobalSection(ProjectConfigurationPlatforms) = postSolution
		{1D912BD0-C26A-4540-957E-907E9970A008}.Debug|Any CPU.ActiveCfg = Debug|Any CPU
		{1D912BD0-C26A-4540-957E-907E9970A008}.Debug|Any CPU.Build.0 = Debug|Any CPU
		{1D912BD0-C26A-4540-957E-907E9970A008}.Release|Any CPU.ActiveCfg = Release|Any CPU
		{1D912BD0-C26A-4540-957E-907E9970A008}.Release|Any CPU.Build.0 = Release|Any CPU
	EndGlobalSection
	GlobalSection(SolutionProperties) = preSolution
		HideSolutionNode = FALSE
	EndGlobalSection
	GlobalSection(ExtensibilityGlobals) = postSolution
		SolutionGuid = {5AA15FA6-40FC-466A-A4BD-8C763F232AC8}
	EndGlobalSection
EndGlobal
